PODS:
  - Alamofire (5.10.1)
  - Differentiator (5.0.0)
  - PureLayout (3.1.9)
  - RxCocoa (6.8.0):
    - RxRelay (= 6.8.0)
    - RxSwift (= 6.8.0)
  - RxDataSources (5.0.0):
    - Differentiator (~> 5.0)
    - RxCocoa (~> 6.0)
    - RxSwift (~> 6.0)
  - RxRelay (6.8.0):
    - RxSwift (= 6.8.0)
  - RxSwift (6.8.0)
  - RxSwiftExt (6.2.1):
    - RxSwiftExt/Core (= 6.2.1)
    - RxSwiftExt/RxCocoa (= 6.2.1)
  - RxSwiftExt/Core (6.2.1):
    - RxSwift (~> 6.0)
  - RxSwiftExt/RxCocoa (6.2.1):
    - RxCocoa (~> 6.0)
    - RxSwiftExt/Core
  - SDWebImage (5.19.7):
    - SDWebImage/Core (= 5.19.7)
  - SDWebImage/Core (5.19.7)
  - SwiftLint (0.57.0)

DEPENDENCIES:
  - Alamofire
  - PureLayout
  - RxCocoa
  - RxDataSources
  - RxSwift
  - RxSwiftExt
  - SDWebImage
  - SwiftLint

SPEC REPOS:
  trunk:
    - Alamofire
    - Differentiator
    - PureLayout
    - RxCocoa
    - RxDataSources
    - RxRelay
    - RxSwift
    - RxSwiftExt
    - SDWebImage
    - SwiftLint

SPEC CHECKSUMS:
  Alamofire: 840d2a1ad82355b536ec6ba5f97e5bfa54600ca3
  Differentiator: e8497ceab83c1b10ca233716d547b9af21b9344d
  PureLayout: 5fb5e5429519627d60d079ccb1eaa7265ce7cf88
  RxCocoa: 2d33c1e1e5d66492052ad46b11024ae287572880
  RxDataSources: aa47cc1ed6c500fa0dfecac5c979b723542d79cf
  RxRelay: 335c78b926a2aea8d863a6d25f1ed3b5ad8e8705
  RxSwift: 4e28be97cbcfeee614af26d83415febbf2bf6f45
  RxSwiftExt: 43aaacb6a4d3c69c55e9d1cf4f79920043d13583
  SDWebImage: 8a6b7b160b4d710e2a22b6900e25301075c34cb3
  SwiftLint: eb47480d47c982481592c195c221d11013a679cc

PODFILE CHECKSUM: 65d5fe54111e30f011794fb1018721ad1096ba19

COCOAPODS: 1.15.2
