// !$*UTF8*$!
{
	archiveVersion = 1;
	classes = {
	};
	objectVersion = 56;
	objects = {

/* Begin PBXBuildFile section */
		50DA6B131FEFA171BEC7A262 /* Pods_MovieDemoApp_MovieDemoAppUITests.framework in Frameworks */ = {isa = PBXBuildFile; fileRef = B80FCC1FBFE536ED7DC6B18D /* Pods_MovieDemoApp_MovieDemoAppUITests.framework */; };
		5F2CF8AF7F2EDCF2C3CD1AE5 /* Pods_MovieDemoAppTests.framework in Frameworks */ = {isa = PBXBuildFile; fileRef = EC4CE3B642AD32DF590A373D /* Pods_MovieDemoAppTests.framework */; };
		989AC063CBAFC1D458AEE6E7 /* Pods_MovieDemoApp.framework in Frameworks */ = {isa = PBXBuildFile; fileRef = 0A2E367CD6C3291D3F0EF155 /* Pods_MovieDemoApp.framework */; };
		F8226BFE2CCE8CF900645255 /* AppDelegate.swift in Sources */ = {isa = PBXBuildFile; fileRef = F8226BFD2CCE8CF900645255 /* AppDelegate.swift */; };
		F8226C002CCE8CF900645255 /* SceneDelegate.swift in Sources */ = {isa = PBXBuildFile; fileRef = F8226BFF2CCE8CF900645255 /* SceneDelegate.swift */; };
		F8226C052CCE8CF900645255 /* Base in Resources */ = {isa = PBXBuildFile; fileRef = F8226C042CCE8CF900645255 /* Base */; };
		F8226C072CCE8CFB00645255 /* Assets.xcassets in Resources */ = {isa = PBXBuildFile; fileRef = F8226C062CCE8CFB00645255 /* Assets.xcassets */; };
		F8226C0A2CCE8CFB00645255 /* Base in Resources */ = {isa = PBXBuildFile; fileRef = F8226C092CCE8CFB00645255 /* Base */; };
		F8226C152CCE8CFB00645255 /* MovieDemoAppTests.swift in Sources */ = {isa = PBXBuildFile; fileRef = F8226C142CCE8CFB00645255 /* MovieDemoAppTests.swift */; };
		F8226C1F2CCE8CFB00645255 /* MovieDemoAppUITests.swift in Sources */ = {isa = PBXBuildFile; fileRef = F8226C1E2CCE8CFB00645255 /* MovieDemoAppUITests.swift */; };
		F8226C212CCE8CFB00645255 /* MovieDemoAppUITestsLaunchTests.swift in Sources */ = {isa = PBXBuildFile; fileRef = F8226C202CCE8CFB00645255 /* MovieDemoAppUITestsLaunchTests.swift */; };
		F8E91A2E2CCE98130091DC63 /* ApiClient.swift in Sources */ = {isa = PBXBuildFile; fileRef = F8E91A2D2CCE98130091DC63 /* ApiClient.swift */; };
		F8E91A312CCE994A0091DC63 /* ApiTaskCancelable.swift in Sources */ = {isa = PBXBuildFile; fileRef = F8E91A302CCE994A0091DC63 /* ApiTaskCancelable.swift */; };
		F8E91A332CCE9AA80091DC63 /* ApiRequest.swift in Sources */ = {isa = PBXBuildFile; fileRef = F8E91A322CCE9AA80091DC63 /* ApiRequest.swift */; };
		F8E91A372CCE9C160091DC63 /* ApiClientAuthenticator.swift in Sources */ = {isa = PBXBuildFile; fileRef = F8E91A362CCE9C160091DC63 /* ApiClientAuthenticator.swift */; };
		F8E91A3A2CCE9CB30091DC63 /* DefaultApiClient.swift in Sources */ = {isa = PBXBuildFile; fileRef = F8E91A392CCE9CB30091DC63 /* DefaultApiClient.swift */; };
		F8E91A3C2CCEA4280091DC63 /* DefaultEncodableApiRequest.swift in Sources */ = {isa = PBXBuildFile; fileRef = F8E91A3B2CCEA4280091DC63 /* DefaultEncodableApiRequest.swift */; };
		F8E91A3E2CCEA4390091DC63 /* DefaultParametersApiRequest.swift in Sources */ = {isa = PBXBuildFile; fileRef = F8E91A3D2CCEA4390091DC63 /* DefaultParametersApiRequest.swift */; };
		F8E91A402CCEA9A90091DC63 /* DefaultApiClientAuthenticator.swift in Sources */ = {isa = PBXBuildFile; fileRef = F8E91A3F2CCEA9A90091DC63 /* DefaultApiClientAuthenticator.swift */; };
		F8E91A482CCECBFD0091DC63 /* ViewModelBindable.swift in Sources */ = {isa = PBXBuildFile; fileRef = F8E91A472CCECBFD0091DC63 /* ViewModelBindable.swift */; };
		F8E91A4B2CCECC350091DC63 /* BaseViewControllers.swift in Sources */ = {isa = PBXBuildFile; fileRef = F8E91A4A2CCECC350091DC63 /* BaseViewControllers.swift */; };
		F8E91A4E2CCECC800091DC63 /* Storyboarded.swift in Sources */ = {isa = PBXBuildFile; fileRef = F8E91A4D2CCECC800091DC63 /* Storyboarded.swift */; };
		F8E91A512CCECD0F0091DC63 /* UIViewController+Extensions.swift in Sources */ = {isa = PBXBuildFile; fileRef = F8E91A502CCECD0F0091DC63 /* UIViewController+Extensions.swift */; };
		F8E91A542CCECD5B0091DC63 /* Storyboard+Casting.swift in Sources */ = {isa = PBXBuildFile; fileRef = F8E91A532CCECD5B0091DC63 /* Storyboard+Casting.swift */; };
		F8E91A562CCECDB80091DC63 /* UIColor+Constructors.swift in Sources */ = {isa = PBXBuildFile; fileRef = F8E91A552CCECDB80091DC63 /* UIColor+Constructors.swift */; };
		F8E91A582CCECE5C0091DC63 /* UIView+Nib.swift in Sources */ = {isa = PBXBuildFile; fileRef = F8E91A572CCECE5C0091DC63 /* UIView+Nib.swift */; };
		F8E91A5A2CCECEA60091DC63 /* UITableView+Extension.swift in Sources */ = {isa = PBXBuildFile; fileRef = F8E91A592CCECEA60091DC63 /* UITableView+Extension.swift */; };
/* End PBXBuildFile section */

/* Begin PBXContainerItemProxy section */
		F8226C112CCE8CFB00645255 /* PBXContainerItemProxy */ = {
			isa = PBXContainerItemProxy;
			containerPortal = F8226BF22CCE8CF900645255 /* Project object */;
			proxyType = 1;
			remoteGlobalIDString = F8226BF92CCE8CF900645255;
			remoteInfo = MovieDemoApp;
		};
		F8226C1B2CCE8CFB00645255 /* PBXContainerItemProxy */ = {
			isa = PBXContainerItemProxy;
			containerPortal = F8226BF22CCE8CF900645255 /* Project object */;
			proxyType = 1;
			remoteGlobalIDString = F8226BF92CCE8CF900645255;
			remoteInfo = MovieDemoApp;
		};
/* End PBXContainerItemProxy section */

/* Begin PBXFileReference section */
		014B3F54F1FED3DE639F4A2E /* Pods-MovieDemoAppTests.release.xcconfig */ = {isa = PBXFileReference; includeInIndex = 1; lastKnownFileType = text.xcconfig; name = "Pods-MovieDemoAppTests.release.xcconfig"; path = "Target Support Files/Pods-MovieDemoAppTests/Pods-MovieDemoAppTests.release.xcconfig"; sourceTree = "<group>"; };
		0884AEAE07200297B0718240 /* Pods-MovieDemoApp-MovieDemoAppUITests.debug.xcconfig */ = {isa = PBXFileReference; includeInIndex = 1; lastKnownFileType = text.xcconfig; name = "Pods-MovieDemoApp-MovieDemoAppUITests.debug.xcconfig"; path = "Target Support Files/Pods-MovieDemoApp-MovieDemoAppUITests/Pods-MovieDemoApp-MovieDemoAppUITests.debug.xcconfig"; sourceTree = "<group>"; };
		09FF7C45976F8E5D02502B91 /* Pods-MovieDemoApp.release.xcconfig */ = {isa = PBXFileReference; includeInIndex = 1; lastKnownFileType = text.xcconfig; name = "Pods-MovieDemoApp.release.xcconfig"; path = "Target Support Files/Pods-MovieDemoApp/Pods-MovieDemoApp.release.xcconfig"; sourceTree = "<group>"; };
		0A2E367CD6C3291D3F0EF155 /* Pods_MovieDemoApp.framework */ = {isa = PBXFileReference; explicitFileType = wrapper.framework; includeInIndex = 0; path = Pods_MovieDemoApp.framework; sourceTree = BUILT_PRODUCTS_DIR; };
		604634297E3CFCC8E6807BB4 /* Pods-MovieDemoApp.debug.xcconfig */ = {isa = PBXFileReference; includeInIndex = 1; lastKnownFileType = text.xcconfig; name = "Pods-MovieDemoApp.debug.xcconfig"; path = "Target Support Files/Pods-MovieDemoApp/Pods-MovieDemoApp.debug.xcconfig"; sourceTree = "<group>"; };
		94D3D8AE4A4E35B8C5973346 /* Pods-MovieDemoApp-MovieDemoAppUITests.release.xcconfig */ = {isa = PBXFileReference; includeInIndex = 1; lastKnownFileType = text.xcconfig; name = "Pods-MovieDemoApp-MovieDemoAppUITests.release.xcconfig"; path = "Target Support Files/Pods-MovieDemoApp-MovieDemoAppUITests/Pods-MovieDemoApp-MovieDemoAppUITests.release.xcconfig"; sourceTree = "<group>"; };
		9FB90DA93848D5B7146081F8 /* Pods-MovieDemoAppTests.debug.xcconfig */ = {isa = PBXFileReference; includeInIndex = 1; lastKnownFileType = text.xcconfig; name = "Pods-MovieDemoAppTests.debug.xcconfig"; path = "Target Support Files/Pods-MovieDemoAppTests/Pods-MovieDemoAppTests.debug.xcconfig"; sourceTree = "<group>"; };
		B80FCC1FBFE536ED7DC6B18D /* Pods_MovieDemoApp_MovieDemoAppUITests.framework */ = {isa = PBXFileReference; explicitFileType = wrapper.framework; includeInIndex = 0; path = Pods_MovieDemoApp_MovieDemoAppUITests.framework; sourceTree = BUILT_PRODUCTS_DIR; };
		EC4CE3B642AD32DF590A373D /* Pods_MovieDemoAppTests.framework */ = {isa = PBXFileReference; explicitFileType = wrapper.framework; includeInIndex = 0; path = Pods_MovieDemoAppTests.framework; sourceTree = BUILT_PRODUCTS_DIR; };
		F8226BFA2CCE8CF900645255 /* MovieDemoApp.app */ = {isa = PBXFileReference; explicitFileType = wrapper.application; includeInIndex = 0; path = MovieDemoApp.app; sourceTree = BUILT_PRODUCTS_DIR; };
		F8226BFD2CCE8CF900645255 /* AppDelegate.swift */ = {isa = PBXFileReference; lastKnownFileType = sourcecode.swift; path = AppDelegate.swift; sourceTree = "<group>"; };
		F8226BFF2CCE8CF900645255 /* SceneDelegate.swift */ = {isa = PBXFileReference; lastKnownFileType = sourcecode.swift; path = SceneDelegate.swift; sourceTree = "<group>"; };
		F8226C042CCE8CF900645255 /* Base */ = {isa = PBXFileReference; lastKnownFileType = file.storyboard; name = Base; path = Base.lproj/Main.storyboard; sourceTree = "<group>"; };
		F8226C062CCE8CFB00645255 /* Assets.xcassets */ = {isa = PBXFileReference; lastKnownFileType = folder.assetcatalog; path = Assets.xcassets; sourceTree = "<group>"; };
		F8226C092CCE8CFB00645255 /* Base */ = {isa = PBXFileReference; lastKnownFileType = file.storyboard; name = Base; path = Base.lproj/LaunchScreen.storyboard; sourceTree = "<group>"; };
		F8226C0B2CCE8CFB00645255 /* Info.plist */ = {isa = PBXFileReference; lastKnownFileType = text.plist.xml; path = Info.plist; sourceTree = "<group>"; };
		F8226C102CCE8CFB00645255 /* MovieDemoAppTests.xctest */ = {isa = PBXFileReference; explicitFileType = wrapper.cfbundle; includeInIndex = 0; path = MovieDemoAppTests.xctest; sourceTree = BUILT_PRODUCTS_DIR; };
		F8226C142CCE8CFB00645255 /* MovieDemoAppTests.swift */ = {isa = PBXFileReference; lastKnownFileType = sourcecode.swift; path = MovieDemoAppTests.swift; sourceTree = "<group>"; };
		F8226C1A2CCE8CFB00645255 /* MovieDemoAppUITests.xctest */ = {isa = PBXFileReference; explicitFileType = wrapper.cfbundle; includeInIndex = 0; path = MovieDemoAppUITests.xctest; sourceTree = BUILT_PRODUCTS_DIR; };
		F8226C1E2CCE8CFB00645255 /* MovieDemoAppUITests.swift */ = {isa = PBXFileReference; lastKnownFileType = sourcecode.swift; path = MovieDemoAppUITests.swift; sourceTree = "<group>"; };
		F8226C202CCE8CFB00645255 /* MovieDemoAppUITestsLaunchTests.swift */ = {isa = PBXFileReference; lastKnownFileType = sourcecode.swift; path = MovieDemoAppUITestsLaunchTests.swift; sourceTree = "<group>"; };
		F8E91A2D2CCE98130091DC63 /* ApiClient.swift */ = {isa = PBXFileReference; lastKnownFileType = sourcecode.swift; path = ApiClient.swift; sourceTree = "<group>"; };
		F8E91A302CCE994A0091DC63 /* ApiTaskCancelable.swift */ = {isa = PBXFileReference; lastKnownFileType = sourcecode.swift; path = ApiTaskCancelable.swift; sourceTree = "<group>"; };
		F8E91A322CCE9AA80091DC63 /* ApiRequest.swift */ = {isa = PBXFileReference; lastKnownFileType = sourcecode.swift; path = ApiRequest.swift; sourceTree = "<group>"; };
		F8E91A362CCE9C160091DC63 /* ApiClientAuthenticator.swift */ = {isa = PBXFileReference; lastKnownFileType = sourcecode.swift; path = ApiClientAuthenticator.swift; sourceTree = "<group>"; };
		F8E91A392CCE9CB30091DC63 /* DefaultApiClient.swift */ = {isa = PBXFileReference; lastKnownFileType = sourcecode.swift; path = DefaultApiClient.swift; sourceTree = "<group>"; };
		F8E91A3B2CCEA4280091DC63 /* DefaultEncodableApiRequest.swift */ = {isa = PBXFileReference; lastKnownFileType = sourcecode.swift; path = DefaultEncodableApiRequest.swift; sourceTree = "<group>"; };
		F8E91A3D2CCEA4390091DC63 /* DefaultParametersApiRequest.swift */ = {isa = PBXFileReference; lastKnownFileType = sourcecode.swift; path = DefaultParametersApiRequest.swift; sourceTree = "<group>"; };
		F8E91A3F2CCEA9A90091DC63 /* DefaultApiClientAuthenticator.swift */ = {isa = PBXFileReference; lastKnownFileType = sourcecode.swift; path = DefaultApiClientAuthenticator.swift; sourceTree = "<group>"; };
		F8E91A472CCECBFD0091DC63 /* ViewModelBindable.swift */ = {isa = PBXFileReference; lastKnownFileType = sourcecode.swift; path = ViewModelBindable.swift; sourceTree = "<group>"; };
		F8E91A4A2CCECC350091DC63 /* BaseViewControllers.swift */ = {isa = PBXFileReference; lastKnownFileType = sourcecode.swift; path = BaseViewControllers.swift; sourceTree = "<group>"; };
		F8E91A4D2CCECC800091DC63 /* Storyboarded.swift */ = {isa = PBXFileReference; lastKnownFileType = sourcecode.swift; path = Storyboarded.swift; sourceTree = "<group>"; };
		F8E91A502CCECD0F0091DC63 /* UIViewController+Extensions.swift */ = {isa = PBXFileReference; lastKnownFileType = sourcecode.swift; path = "UIViewController+Extensions.swift"; sourceTree = "<group>"; };
		F8E91A532CCECD5B0091DC63 /* Storyboard+Casting.swift */ = {isa = PBXFileReference; lastKnownFileType = sourcecode.swift; path = "Storyboard+Casting.swift"; sourceTree = "<group>"; };
		F8E91A552CCECDB80091DC63 /* UIColor+Constructors.swift */ = {isa = PBXFileReference; lastKnownFileType = sourcecode.swift; path = "UIColor+Constructors.swift"; sourceTree = "<group>"; };
		F8E91A572CCECE5C0091DC63 /* UIView+Nib.swift */ = {isa = PBXFileReference; lastKnownFileType = sourcecode.swift; path = "UIView+Nib.swift"; sourceTree = "<group>"; };
		F8E91A592CCECEA60091DC63 /* UITableView+Extension.swift */ = {isa = PBXFileReference; lastKnownFileType = sourcecode.swift; path = "UITableView+Extension.swift"; sourceTree = "<group>"; };
/* End PBXFileReference section */

/* Begin PBXFrameworksBuildPhase section */
		F8226BF72CCE8CF900645255 /* Frameworks */ = {
			isa = PBXFrameworksBuildPhase;
			buildActionMask = 2147483647;
			files = (
				989AC063CBAFC1D458AEE6E7 /* Pods_MovieDemoApp.framework in Frameworks */,
			);
			runOnlyForDeploymentPostprocessing = 0;
		};
		F8226C0D2CCE8CFB00645255 /* Frameworks */ = {
			isa = PBXFrameworksBuildPhase;
			buildActionMask = 2147483647;
			files = (
				5F2CF8AF7F2EDCF2C3CD1AE5 /* Pods_MovieDemoAppTests.framework in Frameworks */,
			);
			runOnlyForDeploymentPostprocessing = 0;
		};
		F8226C172CCE8CFB00645255 /* Frameworks */ = {
			isa = PBXFrameworksBuildPhase;
			buildActionMask = 2147483647;
			files = (
				50DA6B131FEFA171BEC7A262 /* Pods_MovieDemoApp_MovieDemoAppUITests.framework in Frameworks */,
			);
			runOnlyForDeploymentPostprocessing = 0;
		};
/* End PBXFrameworksBuildPhase section */

/* Begin PBXGroup section */
		7E992285F4F9CB04420F9975 /* Pods */ = {
			isa = PBXGroup;
			children = (
				604634297E3CFCC8E6807BB4 /* Pods-MovieDemoApp.debug.xcconfig */,
				09FF7C45976F8E5D02502B91 /* Pods-MovieDemoApp.release.xcconfig */,
				0884AEAE07200297B0718240 /* Pods-MovieDemoApp-MovieDemoAppUITests.debug.xcconfig */,
				94D3D8AE4A4E35B8C5973346 /* Pods-MovieDemoApp-MovieDemoAppUITests.release.xcconfig */,
				9FB90DA93848D5B7146081F8 /* Pods-MovieDemoAppTests.debug.xcconfig */,
				014B3F54F1FED3DE639F4A2E /* Pods-MovieDemoAppTests.release.xcconfig */,
			);
			path = Pods;
			sourceTree = "<group>";
		};
		88AFEB4B044C151C7A048761 /* Frameworks */ = {
			isa = PBXGroup;
			children = (
				0A2E367CD6C3291D3F0EF155 /* Pods_MovieDemoApp.framework */,
				B80FCC1FBFE536ED7DC6B18D /* Pods_MovieDemoApp_MovieDemoAppUITests.framework */,
				EC4CE3B642AD32DF590A373D /* Pods_MovieDemoAppTests.framework */,
			);
			name = Frameworks;
			sourceTree = "<group>";
		};
		F8226BF12CCE8CF900645255 = {
			isa = PBXGroup;
			children = (
				F8226BFC2CCE8CF900645255 /* MovieDemoApp */,
				F8226C132CCE8CFB00645255 /* MovieDemoAppTests */,
				F8226C1D2CCE8CFB00645255 /* MovieDemoAppUITests */,
				F8226BFB2CCE8CF900645255 /* Products */,
				7E992285F4F9CB04420F9975 /* Pods */,
				88AFEB4B044C151C7A048761 /* Frameworks */,
			);
			sourceTree = "<group>";
		};
		F8226BFB2CCE8CF900645255 /* Products */ = {
			isa = PBXGroup;
			children = (
				F8226BFA2CCE8CF900645255 /* MovieDemoApp.app */,
				F8226C102CCE8CFB00645255 /* MovieDemoAppTests.xctest */,
				F8226C1A2CCE8CFB00645255 /* MovieDemoAppUITests.xctest */,
			);
			name = Products;
			sourceTree = "<group>";
		};
		F8226BFC2CCE8CF900645255 /* MovieDemoApp */ = {
			isa = PBXGroup;
			children = (
				F8E91A222CCE93680091DC63 /* Classes */,
				F8E91A232CCE936F0091DC63 /* Resources */,
				F8226C0B2CCE8CFB00645255 /* Info.plist */,
			);
			path = MovieDemoApp;
			sourceTree = "<group>";
		};
		F8226C132CCE8CFB00645255 /* MovieDemoAppTests */ = {
			isa = PBXGroup;
			children = (
				F8226C142CCE8CFB00645255 /* MovieDemoAppTests.swift */,
			);
			path = MovieDemoAppTests;
			sourceTree = "<group>";
		};
		F8226C1D2CCE8CFB00645255 /* MovieDemoAppUITests */ = {
			isa = PBXGroup;
			children = (
				F8226C1E2CCE8CFB00645255 /* MovieDemoAppUITests.swift */,
				F8226C202CCE8CFB00645255 /* MovieDemoAppUITestsLaunchTests.swift */,
			);
			path = MovieDemoAppUITests;
			sourceTree = "<group>";
		};
		F8E91A222CCE93680091DC63 /* Classes */ = {
			isa = PBXGroup;
			children = (
				F8E91A272CCE93C10091DC63 /* Apps */,
				F8E91A262CCE93B70091DC63 /* Presentations */,
				F8E91A252CCE93A70091DC63 /* Domain */,
				F8E91A292CCE93DE0091DC63 /* Data */,
				F8E91A282CCE93C50091DC63 /* Infrastructure */,
			);
			path = Classes;
			sourceTree = "<group>";
		};
		F8E91A232CCE936F0091DC63 /* Resources */ = {
			isa = PBXGroup;
			children = (
				F8226C062CCE8CFB00645255 /* Assets.xcassets */,
				F8E91A242CCE937F0091DC63 /* Storyboards */,
			);
			path = Resources;
			sourceTree = "<group>";
		};
		F8E91A242CCE937F0091DC63 /* Storyboards */ = {
			isa = PBXGroup;
			children = (
				F8226C032CCE8CF900645255 /* Main.storyboard */,
				F8226C082CCE8CFB00645255 /* LaunchScreen.storyboard */,
			);
			path = Storyboards;
			sourceTree = "<group>";
		};
		F8E91A252CCE93A70091DC63 /* Domain */ = {
			isa = PBXGroup;
			children = (
			);
			path = Domain;
			sourceTree = "<group>";
		};
		F8E91A262CCE93B70091DC63 /* Presentations */ = {
			isa = PBXGroup;
			children = (
				F8E91A442CCECBC70091DC63 /* Commons */,
				F8E91A2A2CCE94060091DC63 /* Movies */,
			);
			path = Presentations;
			sourceTree = "<group>";
		};
		F8E91A272CCE93C10091DC63 /* Apps */ = {
			isa = PBXGroup;
			children = (
				F8226BFD2CCE8CF900645255 /* AppDelegate.swift */,
				F8226BFF2CCE8CF900645255 /* SceneDelegate.swift */,
			);
			path = Apps;
			sourceTree = "<group>";
		};
		F8E91A282CCE93C50091DC63 /* Infrastructure */ = {
			isa = PBXGroup;
			children = (
				F8E91A2F2CCE992D0091DC63 /* Network */,
			);
			path = Infrastructure;
			sourceTree = "<group>";
		};
		F8E91A292CCE93DE0091DC63 /* Data */ = {
			isa = PBXGroup;
			children = (
				F8E91A432CCECA270091DC63 /* Dto */,
				F8E91A422CCEC94D0091DC63 /* Repository */,
			);
			path = Data;
			sourceTree = "<group>";
		};
		F8E91A2A2CCE94060091DC63 /* Movies */ = {
			isa = PBXGroup;
			children = (
				F8E91A2B2CCE94120091DC63 /* ViewControllers */,
			);
			path = Movies;
			sourceTree = "<group>";
		};
		F8E91A2B2CCE94120091DC63 /* ViewControllers */ = {
			isa = PBXGroup;
			children = (
			);
			path = ViewControllers;
			sourceTree = "<group>";
		};
		F8E91A2F2CCE992D0091DC63 /* Network */ = {
			isa = PBXGroup;
			children = (
				F8E91A382CCE9CA70091DC63 /* Imp */,
				F8E91A2D2CCE98130091DC63 /* ApiClient.swift */,
				F8E91A302CCE994A0091DC63 /* ApiTaskCancelable.swift */,
				F8E91A322CCE9AA80091DC63 /* ApiRequest.swift */,
				F8E91A362CCE9C160091DC63 /* ApiClientAuthenticator.swift */,
			);
			path = Network;
			sourceTree = "<group>";
		};
		F8E91A382CCE9CA70091DC63 /* Imp */ = {
			isa = PBXGroup;
			children = (
				F8E91A392CCE9CB30091DC63 /* DefaultApiClient.swift */,
				F8E91A3B2CCEA4280091DC63 /* DefaultEncodableApiRequest.swift */,
				F8E91A3D2CCEA4390091DC63 /* DefaultParametersApiRequest.swift */,
				F8E91A3F2CCEA9A90091DC63 /* DefaultApiClientAuthenticator.swift */,
			);
			path = Imp;
			sourceTree = "<group>";
		};
		F8E91A422CCEC94D0091DC63 /* Repository */ = {
			isa = PBXGroup;
			children = (
			);
			path = Repository;
			sourceTree = "<group>";
		};
		F8E91A432CCECA270091DC63 /* Dto */ = {
			isa = PBXGroup;
			children = (
			);
			path = Dto;
			sourceTree = "<group>";
		};
		F8E91A442CCECBC70091DC63 /* Commons */ = {
			isa = PBXGroup;
			children = (
				F8E91A452CCECBD40091DC63 /* UI */,
			);
			path = Commons;
			sourceTree = "<group>";
		};
		F8E91A452CCECBD40091DC63 /* UI */ = {
			isa = PBXGroup;
			children = (
				F8E91A4F2CCECCD20091DC63 /* Extensions */,
				F8E91A4C2CCECC700091DC63 /* Storboard */,
				F8E91A492CCECC1B0091DC63 /* ViewControllers */,
				F8E91A462CCECBEA0091DC63 /* Bindables */,
			);
			path = UI;
			sourceTree = "<group>";
		};
		F8E91A462CCECBEA0091DC63 /* Bindables */ = {
			isa = PBXGroup;
			children = (
				F8E91A472CCECBFD0091DC63 /* ViewModelBindable.swift */,
			);
			path = Bindables;
			sourceTree = "<group>";
		};
		F8E91A492CCECC1B0091DC63 /* ViewControllers */ = {
			isa = PBXGroup;
			children = (
				F8E91A4A2CCECC350091DC63 /* BaseViewControllers.swift */,
			);
			path = ViewControllers;
			sourceTree = "<group>";
		};
		F8E91A4C2CCECC700091DC63 /* Storboard */ = {
			isa = PBXGroup;
			children = (
				F8E91A4D2CCECC800091DC63 /* Storyboarded.swift */,
			);
			path = Storboard;
			sourceTree = "<group>";
		};
		F8E91A4F2CCECCD20091DC63 /* Extensions */ = {
			isa = PBXGroup;
			children = (
				F8E91A502CCECD0F0091DC63 /* UIViewController+Extensions.swift */,
				F8E91A532CCECD5B0091DC63 /* Storyboard+Casting.swift */,
				F8E91A552CCECDB80091DC63 /* UIColor+Constructors.swift */,
				F8E91A572CCECE5C0091DC63 /* UIView+Nib.swift */,
				F8E91A592CCECEA60091DC63 /* UITableView+Extension.swift */,
			);
			path = Extensions;
			sourceTree = "<group>";
		};
/* End PBXGroup section */

/* Begin PBXNativeTarget section */
		F8226BF92CCE8CF900645255 /* MovieDemoApp */ = {
			isa = PBXNativeTarget;
			buildConfigurationList = F8226C242CCE8CFB00645255 /* Build configuration list for PBXNativeTarget "MovieDemoApp" */;
			buildPhases = (
				748AFAA12985FE5F0E7E0BE9 /* [CP] Check Pods Manifest.lock */,
				F8226BF62CCE8CF900645255 /* Sources */,
				F8226BF72CCE8CF900645255 /* Frameworks */,
				F8226BF82CCE8CF900645255 /* Resources */,
				F5E71E14E264EE1C2882D929 /* [CP] Embed Pods Frameworks */,
				F8E91A412CCEC8330091DC63 /* Swiftlint Runner */,
			);
			buildRules = (
			);
			dependencies = (
			);
			name = MovieDemoApp;
			productName = MovieDemoApp;
			productReference = F8226BFA2CCE8CF900645255 /* MovieDemoApp.app */;
			productType = "com.apple.product-type.application";
		};
		F8226C0F2CCE8CFB00645255 /* MovieDemoAppTests */ = {
			isa = PBXNativeTarget;
			buildConfigurationList = F8226C272CCE8CFB00645255 /* Build configuration list for PBXNativeTarget "MovieDemoAppTests" */;
			buildPhases = (
				62A5EB915107BED841A6F5B8 /* [CP] Check Pods Manifest.lock */,
				F8226C0C2CCE8CFB00645255 /* Sources */,
				F8226C0D2CCE8CFB00645255 /* Frameworks */,
				F8226C0E2CCE8CFB00645255 /* Resources */,
			);
			buildRules = (
			);
			dependencies = (
				F8226C122CCE8CFB00645255 /* PBXTargetDependency */,
			);
			name = MovieDemoAppTests;
			productName = MovieDemoAppTests;
			productReference = F8226C102CCE8CFB00645255 /* MovieDemoAppTests.xctest */;
			productType = "com.apple.product-type.bundle.unit-test";
		};
		F8226C192CCE8CFB00645255 /* MovieDemoAppUITests */ = {
			isa = PBXNativeTarget;
			buildConfigurationList = F8226C2A2CCE8CFB00645255 /* Build configuration list for PBXNativeTarget "MovieDemoAppUITests" */;
			buildPhases = (
				0B1BC49FFB00D52F7779B2FD /* [CP] Check Pods Manifest.lock */,
				F8226C162CCE8CFB00645255 /* Sources */,
				F8226C172CCE8CFB00645255 /* Frameworks */,
				F8226C182CCE8CFB00645255 /* Resources */,
				6D9A468E1AE3E31D4FCC4569 /* [CP] Embed Pods Frameworks */,
			);
			buildRules = (
			);
			dependencies = (
				F8226C1C2CCE8CFB00645255 /* PBXTargetDependency */,
			);
			name = MovieDemoAppUITests;
			productName = MovieDemoAppUITests;
			productReference = F8226C1A2CCE8CFB00645255 /* MovieDemoAppUITests.xctest */;
			productType = "com.apple.product-type.bundle.ui-testing";
		};
/* End PBXNativeTarget section */

/* Begin PBXProject section */
		F8226BF22CCE8CF900645255 /* Project object */ = {
			isa = PBXProject;
			attributes = {
				BuildIndependentTargetsInParallel = 1;
				LastSwiftUpdateCheck = 1540;
				LastUpgradeCheck = 1540;
				TargetAttributes = {
					F8226BF92CCE8CF900645255 = {
						CreatedOnToolsVersion = 15.4;
					};
					F8226C0F2CCE8CFB00645255 = {
						CreatedOnToolsVersion = 15.4;
						TestTargetID = F8226BF92CCE8CF900645255;
					};
					F8226C192CCE8CFB00645255 = {
						CreatedOnToolsVersion = 15.4;
						TestTargetID = F8226BF92CCE8CF900645255;
					};
				};
			};
			buildConfigurationList = F8226BF52CCE8CF900645255 /* Build configuration list for PBXProject "MovieDemoApp" */;
			compatibilityVersion = "Xcode 14.0";
			developmentRegion = en;
			hasScannedForEncodings = 0;
			knownRegions = (
				en,
				Base,
			);
			mainGroup = F8226BF12CCE8CF900645255;
			productRefGroup = F8226BFB2CCE8CF900645255 /* Products */;
			projectDirPath = "";
			projectRoot = "";
			targets = (
				F8226BF92CCE8CF900645255 /* MovieDemoApp */,
				F8226C0F2CCE8CFB00645255 /* MovieDemoAppTests */,
				F8226C192CCE8CFB00645255 /* MovieDemoAppUITests */,
			);
		};
/* End PBXProject section */

/* Begin PBXResourcesBuildPhase section */
		F8226BF82CCE8CF900645255 /* Resources */ = {
			isa = PBXResourcesBuildPhase;
			buildActionMask = 2147483647;
			files = (
				F8226C072CCE8CFB00645255 /* Assets.xcassets in Resources */,
				F8226C0A2CCE8CFB00645255 /* Base in Resources */,
				F8226C052CCE8CF900645255 /* Base in Resources */,
			);
			runOnlyForDeploymentPostprocessing = 0;
		};
		F8226C0E2CCE8CFB00645255 /* Resources */ = {
			isa = PBXResourcesBuildPhase;
			buildActionMask = 2147483647;
			files = (
			);
			runOnlyForDeploymentPostprocessing = 0;
		};
		F8226C182CCE8CFB00645255 /* Resources */ = {
			isa = PBXResourcesBuildPhase;
			buildActionMask = 2147483647;
			files = (
			);
			runOnlyForDeploymentPostprocessing = 0;
		};
/* End PBXResourcesBuildPhase section */

/* Begin PBXShellScriptBuildPhase section */
		0B1BC49FFB00D52F7779B2FD /* [CP] Check Pods Manifest.lock */ = {
			isa = PBXShellScriptBuildPhase;
			buildActionMask = 2147483647;
			files = (
			);
			inputFileListPaths = (
			);
			inputPaths = (
				"${PODS_PODFILE_DIR_PATH}/Podfile.lock",
				"${PODS_ROOT}/Manifest.lock",
			);
			name = "[CP] Check Pods Manifest.lock";
			outputFileListPaths = (
			);
			outputPaths = (
				"$(DERIVED_FILE_DIR)/Pods-MovieDemoApp-MovieDemoAppUITests-checkManifestLockResult.txt",
			);
			runOnlyForDeploymentPostprocessing = 0;
			shellPath = /bin/sh;
			shellScript = "diff \"${PODS_PODFILE_DIR_PATH}/Podfile.lock\" \"${PODS_ROOT}/Manifest.lock\" > /dev/null\nif [ $? != 0 ] ; then\n    # print error to STDERR\n    echo \"error: The sandbox is not in sync with the Podfile.lock. Run 'pod install' or update your CocoaPods installation.\" >&2\n    exit 1\nfi\n# This output is used by Xcode 'outputs' to avoid re-running this script phase.\necho \"SUCCESS\" > \"${SCRIPT_OUTPUT_FILE_0}\"\n";
			showEnvVarsInLog = 0;
		};
		62A5EB915107BED841A6F5B8 /* [CP] Check Pods Manifest.lock */ = {
			isa = PBXShellScriptBuildPhase;
			buildActionMask = 2147483647;
			files = (
			);
			inputFileListPaths = (
			);
			inputPaths = (
				"${PODS_PODFILE_DIR_PATH}/Podfile.lock",
				"${PODS_ROOT}/Manifest.lock",
			);
			name = "[CP] Check Pods Manifest.lock";
			outputFileListPaths = (
			);
			outputPaths = (
				"$(DERIVED_FILE_DIR)/Pods-MovieDemoAppTests-checkManifestLockResult.txt",
			);
			runOnlyForDeploymentPostprocessing = 0;
			shellPath = /bin/sh;
			shellScript = "diff \"${PODS_PODFILE_DIR_PATH}/Podfile.lock\" \"${PODS_ROOT}/Manifest.lock\" > /dev/null\nif [ $? != 0 ] ; then\n    # print error to STDERR\n    echo \"error: The sandbox is not in sync with the Podfile.lock. Run 'pod install' or update your CocoaPods installation.\" >&2\n    exit 1\nfi\n# This output is used by Xcode 'outputs' to avoid re-running this script phase.\necho \"SUCCESS\" > \"${SCRIPT_OUTPUT_FILE_0}\"\n";
			showEnvVarsInLog = 0;
		};
		6D9A468E1AE3E31D4FCC4569 /* [CP] Embed Pods Frameworks */ = {
			isa = PBXShellScriptBuildPhase;
			buildActionMask = 2147483647;
			files = (
			);
			inputFileListPaths = (
				"${PODS_ROOT}/Target Support Files/Pods-MovieDemoApp-MovieDemoAppUITests/Pods-MovieDemoApp-MovieDemoAppUITests-frameworks-${CONFIGURATION}-input-files.xcfilelist",
			);
			name = "[CP] Embed Pods Frameworks";
			outputFileListPaths = (
				"${PODS_ROOT}/Target Support Files/Pods-MovieDemoApp-MovieDemoAppUITests/Pods-MovieDemoApp-MovieDemoAppUITests-frameworks-${CONFIGURATION}-output-files.xcfilelist",
			);
			runOnlyForDeploymentPostprocessing = 0;
			shellPath = /bin/sh;
			shellScript = "\"${PODS_ROOT}/Target Support Files/Pods-MovieDemoApp-MovieDemoAppUITests/Pods-MovieDemoApp-MovieDemoAppUITests-frameworks.sh\"\n";
			showEnvVarsInLog = 0;
		};
		748AFAA12985FE5F0E7E0BE9 /* [CP] Check Pods Manifest.lock */ = {
			isa = PBXShellScriptBuildPhase;
			buildActionMask = 2147483647;
			files = (
			);
			inputFileListPaths = (
			);
			inputPaths = (
				"${PODS_PODFILE_DIR_PATH}/Podfile.lock",
				"${PODS_ROOT}/Manifest.lock",
			);
			name = "[CP] Check Pods Manifest.lock";
			outputFileListPaths = (
			);
			outputPaths = (
				"$(DERIVED_FILE_DIR)/Pods-MovieDemoApp-checkManifestLockResult.txt",
			);
			runOnlyForDeploymentPostprocessing = 0;
			shellPath = /bin/sh;
			shellScript = "diff \"${PODS_PODFILE_DIR_PATH}/Podfile.lock\" \"${PODS_ROOT}/Manifest.lock\" > /dev/null\nif [ $? != 0 ] ; then\n    # print error to STDERR\n    echo \"error: The sandbox is not in sync with the Podfile.lock. Run 'pod install' or update your CocoaPods installation.\" >&2\n    exit 1\nfi\n# This output is used by Xcode 'outputs' to avoid re-running this script phase.\necho \"SUCCESS\" > \"${SCRIPT_OUTPUT_FILE_0}\"\n";
			showEnvVarsInLog = 0;
		};
		F5E71E14E264EE1C2882D929 /* [CP] Embed Pods Frameworks */ = {
			isa = PBXShellScriptBuildPhase;
			buildActionMask = 2147483647;
			files = (
			);
			inputFileListPaths = (
				"${PODS_ROOT}/Target Support Files/Pods-MovieDemoApp/Pods-MovieDemoApp-frameworks-${CONFIGURATION}-input-files.xcfilelist",
			);
			name = "[CP] Embed Pods Frameworks";
			outputFileListPaths = (
				"${PODS_ROOT}/Target Support Files/Pods-MovieDemoApp/Pods-MovieDemoApp-frameworks-${CONFIGURATION}-output-files.xcfilelist",
			);
			runOnlyForDeploymentPostprocessing = 0;
			shellPath = /bin/sh;
			shellScript = "\"${PODS_ROOT}/Target Support Files/Pods-MovieDemoApp/Pods-MovieDemoApp-frameworks.sh\"\n";
			showEnvVarsInLog = 0;
		};
		F8E91A412CCEC8330091DC63 /* Swiftlint Runner */ = {
			isa = PBXShellScriptBuildPhase;
			buildActionMask = 2147483647;
			files = (
			);
			inputFileListPaths = (
			);
			inputPaths = (
			);
			name = "Swiftlint Runner";
			outputFileListPaths = (
			);
			outputPaths = (
			);
			runOnlyForDeploymentPostprocessing = 0;
			shellPath = /bin/sh;
			shellScript = "if which swiftlint >/dev/null; then\n    echo \"info: swiftlint installed on terminal\"\n    swiftlint --fix\n    swiftlint \nelif which \"${PODS_ROOT}/SwiftLint/swiftlint\" >/dev/null; then\n    echo \"info: Located in Pods/SwiftLint at ${PODS_ROOT}\"\n    \"${PODS_ROOT}/SwiftLint/swiftlint\" --fix\n    \"${PODS_ROOT}/SwiftLint/swiftlint\"\nelse\n    echo \"warning: SwiftLint not installed, download from https://github.com/realm/SwiftLint\"\n    exit 1\nfi\n";
		};
/* End PBXShellScriptBuildPhase section */

/* Begin PBXSourcesBuildPhase section */
		F8226BF62CCE8CF900645255 /* Sources */ = {
			isa = PBXSourcesBuildPhase;
			buildActionMask = 2147483647;
			files = (
				F8E91A542CCECD5B0091DC63 /* Storyboard+Casting.swift in Sources */,
				F8E91A3C2CCEA4280091DC63 /* DefaultEncodableApiRequest.swift in Sources */,
				F8E91A402CCEA9A90091DC63 /* DefaultApiClientAuthenticator.swift in Sources */,
				F8E91A3E2CCEA4390091DC63 /* DefaultParametersApiRequest.swift in Sources */,
				F8226BFE2CCE8CF900645255 /* AppDelegate.swift in Sources */,
				F8E91A482CCECBFD0091DC63 /* ViewModelBindable.swift in Sources */,
				F8E91A562CCECDB80091DC63 /* UIColor+Constructors.swift in Sources */,
				F8E91A4E2CCECC800091DC63 /* Storyboarded.swift in Sources */,
				F8E91A582CCECE5C0091DC63 /* UIView+Nib.swift in Sources */,
				F8E91A372CCE9C160091DC63 /* ApiClientAuthenticator.swift in Sources */,
				F8E91A312CCE994A0091DC63 /* ApiTaskCancelable.swift in Sources */,
				F8E91A5A2CCECEA60091DC63 /* UITableView+Extension.swift in Sources */,
				F8226C002CCE8CF900645255 /* SceneDelegate.swift in Sources */,
				F8E91A332CCE9AA80091DC63 /* ApiRequest.swift in Sources */,
				F8E91A512CCECD0F0091DC63 /* UIViewController+Extensions.swift in Sources */,
				F8E91A4B2CCECC350091DC63 /* BaseViewControllers.swift in Sources */,
				F8E91A2E2CCE98130091DC63 /* ApiClient.swift in Sources */,
				F8E91A3A2CCE9CB30091DC63 /* DefaultApiClient.swift in Sources */,
			);
			runOnlyForDeploymentPostprocessing = 0;
		};
		F8226C0C2CCE8CFB00645255 /* Sources */ = {
			isa = PBXSourcesBuildPhase;
			buildActionMask = 2147483647;
			files = (
				F8226C152CCE8CFB00645255 /* MovieDemoAppTests.swift in Sources */,
			);
			runOnlyForDeploymentPostprocessing = 0;
		};
		F8226C162CCE8CFB00645255 /* Sources */ = {
			isa = PBXSourcesBuildPhase;
			buildActionMask = 2147483647;
			files = (
				F8226C212CCE8CFB00645255 /* MovieDemoAppUITestsLaunchTests.swift in Sources */,
				F8226C1F2CCE8CFB00645255 /* MovieDemoAppUITests.swift in Sources */,
			);
			runOnlyForDeploymentPostprocessing = 0;
		};
/* End PBXSourcesBuildPhase section */

/* Begin PBXTargetDependency section */
		F8226C122CCE8CFB00645255 /* PBXTargetDependency */ = {
			isa = PBXTargetDependency;
			target = F8226BF92CCE8CF900645255 /* MovieDemoApp */;
			targetProxy = F8226C112CCE8CFB00645255 /* PBXContainerItemProxy */;
		};
		F8226C1C2CCE8CFB00645255 /* PBXTargetDependency */ = {
			isa = PBXTargetDependency;
			target = F8226BF92CCE8CF900645255 /* MovieDemoApp */;
			targetProxy = F8226C1B2CCE8CFB00645255 /* PBXContainerItemProxy */;
		};
/* End PBXTargetDependency section */

/* Begin PBXVariantGroup section */
		F8226C032CCE8CF900645255 /* Main.storyboard */ = {
			isa = PBXVariantGroup;
			children = (
				F8226C042CCE8CF900645255 /* Base */,
			);
			name = Main.storyboard;
			sourceTree = "<group>";
		};
		F8226C082CCE8CFB00645255 /* LaunchScreen.storyboard */ = {
			isa = PBXVariantGroup;
			children = (
				F8226C092CCE8CFB00645255 /* Base */,
			);
			name = LaunchScreen.storyboard;
			sourceTree = "<group>";
		};
/* End PBXVariantGroup section */

/* Begin XCBuildConfiguration section */
		F8226C222CCE8CFB00645255 /* Debug */ = {
			isa = XCBuildConfiguration;
			buildSettings = {
				ALWAYS_SEARCH_USER_PATHS = NO;
				ASSETCATALOG_COMPILER_GENERATE_SWIFT_ASSET_SYMBOL_EXTENSIONS = YES;
				CLANG_ANALYZER_NONNULL = YES;
				CLANG_ANALYZER_NUMBER_OBJECT_CONVERSION = YES_AGGRESSIVE;
				CLANG_CXX_LANGUAGE_STANDARD = "gnu++20";
				CLANG_ENABLE_MODULES = YES;
				CLANG_ENABLE_OBJC_ARC = YES;
				CLANG_ENABLE_OBJC_WEAK = YES;
				CLANG_WARN_BLOCK_CAPTURE_AUTORELEASING = YES;
				CLANG_WARN_BOOL_CONVERSION = YES;
				CLANG_WARN_COMMA = YES;
				CLANG_WARN_CONSTANT_CONVERSION = YES;
				CLANG_WARN_DEPRECATED_OBJC_IMPLEMENTATIONS = YES;
				CLANG_WARN_DIRECT_OBJC_ISA_USAGE = YES_ERROR;
				CLANG_WARN_DOCUMENTATION_COMMENTS = YES;
				CLANG_WARN_EMPTY_BODY = YES;
				CLANG_WARN_ENUM_CONVERSION = YES;
				CLANG_WARN_INFINITE_RECURSION = YES;
				CLANG_WARN_INT_CONVERSION = YES;
				CLANG_WARN_NON_LITERAL_NULL_CONVERSION = YES;
				CLANG_WARN_OBJC_IMPLICIT_RETAIN_SELF = YES;
				CLANG_WARN_OBJC_LITERAL_CONVERSION = YES;
				CLANG_WARN_OBJC_ROOT_CLASS = YES_ERROR;
				CLANG_WARN_QUOTED_INCLUDE_IN_FRAMEWORK_HEADER = YES;
				CLANG_WARN_RANGE_LOOP_ANALYSIS = YES;
				CLANG_WARN_STRICT_PROTOTYPES = YES;
				CLANG_WARN_SUSPICIOUS_MOVE = YES;
				CLANG_WARN_UNGUARDED_AVAILABILITY = YES_AGGRESSIVE;
				CLANG_WARN_UNREACHABLE_CODE = YES;
				CLANG_WARN__DUPLICATE_METHOD_MATCH = YES;
				COPY_PHASE_STRIP = NO;
				DEBUG_INFORMATION_FORMAT = dwarf;
				ENABLE_STRICT_OBJC_MSGSEND = YES;
				ENABLE_TESTABILITY = YES;
				ENABLE_USER_SCRIPT_SANDBOXING = NO;
				GCC_C_LANGUAGE_STANDARD = gnu17;
				GCC_DYNAMIC_NO_PIC = NO;
				GCC_NO_COMMON_BLOCKS = YES;
				GCC_OPTIMIZATION_LEVEL = 0;
				GCC_PREPROCESSOR_DEFINITIONS = (
					"DEBUG=1",
					"$(inherited)",
				);
				GCC_WARN_64_TO_32_BIT_CONVERSION = YES;
				GCC_WARN_ABOUT_RETURN_TYPE = YES_ERROR;
				GCC_WARN_UNDECLARED_SELECTOR = YES;
				GCC_WARN_UNINITIALIZED_AUTOS = YES_AGGRESSIVE;
				GCC_WARN_UNUSED_FUNCTION = YES;
				GCC_WARN_UNUSED_VARIABLE = YES;
				IPHONEOS_DEPLOYMENT_TARGET = 17.5;
				LOCALIZATION_PREFERS_STRING_CATALOGS = YES;
				MTL_ENABLE_DEBUG_INFO = INCLUDE_SOURCE;
				MTL_FAST_MATH = YES;
				ONLY_ACTIVE_ARCH = YES;
				SDKROOT = iphoneos;
				SWIFT_ACTIVE_COMPILATION_CONDITIONS = "DEBUG $(inherited)";
				SWIFT_OPTIMIZATION_LEVEL = "-Onone";
			};
			name = Debug;
		};
		F8226C232CCE8CFB00645255 /* Release */ = {
			isa = XCBuildConfiguration;
			buildSettings = {
				ALWAYS_SEARCH_USER_PATHS = NO;
				ASSETCATALOG_COMPILER_GENERATE_SWIFT_ASSET_SYMBOL_EXTENSIONS = YES;
				CLANG_ANALYZER_NONNULL = YES;
				CLANG_ANALYZER_NUMBER_OBJECT_CONVERSION = YES_AGGRESSIVE;
				CLANG_CXX_LANGUAGE_STANDARD = "gnu++20";
				CLANG_ENABLE_MODULES = YES;
				CLANG_ENABLE_OBJC_ARC = YES;
				CLANG_ENABLE_OBJC_WEAK = YES;
				CLANG_WARN_BLOCK_CAPTURE_AUTORELEASING = YES;
				CLANG_WARN_BOOL_CONVERSION = YES;
				CLANG_WARN_COMMA = YES;
				CLANG_WARN_CONSTANT_CONVERSION = YES;
				CLANG_WARN_DEPRECATED_OBJC_IMPLEMENTATIONS = YES;
				CLANG_WARN_DIRECT_OBJC_ISA_USAGE = YES_ERROR;
				CLANG_WARN_DOCUMENTATION_COMMENTS = YES;
				CLANG_WARN_EMPTY_BODY = YES;
				CLANG_WARN_ENUM_CONVERSION = YES;
				CLANG_WARN_INFINITE_RECURSION = YES;
				CLANG_WARN_INT_CONVERSION = YES;
				CLANG_WARN_NON_LITERAL_NULL_CONVERSION = YES;
				CLANG_WARN_OBJC_IMPLICIT_RETAIN_SELF = YES;
				CLANG_WARN_OBJC_LITERAL_CONVERSION = YES;
				CLANG_WARN_OBJC_ROOT_CLASS = YES_ERROR;
				CLANG_WARN_QUOTED_INCLUDE_IN_FRAMEWORK_HEADER = YES;
				CLANG_WARN_RANGE_LOOP_ANALYSIS = YES;
				CLANG_WARN_STRICT_PROTOTYPES = YES;
				CLANG_WARN_SUSPICIOUS_MOVE = YES;
				CLANG_WARN_UNGUARDED_AVAILABILITY = YES_AGGRESSIVE;
				CLANG_WARN_UNREACHABLE_CODE = YES;
				CLANG_WARN__DUPLICATE_METHOD_MATCH = YES;
				COPY_PHASE_STRIP = NO;
				DEBUG_INFORMATION_FORMAT = "dwarf-with-dsym";
				ENABLE_NS_ASSERTIONS = NO;
				ENABLE_STRICT_OBJC_MSGSEND = YES;
				ENABLE_USER_SCRIPT_SANDBOXING = NO;
				GCC_C_LANGUAGE_STANDARD = gnu17;
				GCC_NO_COMMON_BLOCKS = YES;
				GCC_WARN_64_TO_32_BIT_CONVERSION = YES;
				GCC_WARN_ABOUT_RETURN_TYPE = YES_ERROR;
				GCC_WARN_UNDECLARED_SELECTOR = YES;
				GCC_WARN_UNINITIALIZED_AUTOS = YES_AGGRESSIVE;
				GCC_WARN_UNUSED_FUNCTION = YES;
				GCC_WARN_UNUSED_VARIABLE = YES;
				IPHONEOS_DEPLOYMENT_TARGET = 17.5;
				LOCALIZATION_PREFERS_STRING_CATALOGS = YES;
				MTL_ENABLE_DEBUG_INFO = NO;
				MTL_FAST_MATH = YES;
				SDKROOT = iphoneos;
				SWIFT_COMPILATION_MODE = wholemodule;
				VALIDATE_PRODUCT = YES;
			};
			name = Release;
		};
		F8226C252CCE8CFB00645255 /* Debug */ = {
			isa = XCBuildConfiguration;
			baseConfigurationReference = 604634297E3CFCC8E6807BB4 /* Pods-MovieDemoApp.debug.xcconfig */;
			buildSettings = {
				ASSETCATALOG_COMPILER_APPICON_NAME = AppIcon;
				ASSETCATALOG_COMPILER_GLOBAL_ACCENT_COLOR_NAME = AccentColor;
				CODE_SIGN_STYLE = Automatic;
				CURRENT_PROJECT_VERSION = 1;
				GENERATE_INFOPLIST_FILE = YES;
				INFOPLIST_FILE = MovieDemoApp/Info.plist;
				INFOPLIST_KEY_UIApplicationSupportsIndirectInputEvents = YES;
				INFOPLIST_KEY_UILaunchStoryboardName = LaunchScreen;
				INFOPLIST_KEY_UIMainStoryboardFile = Main;
				INFOPLIST_KEY_UISupportedInterfaceOrientations = UIInterfaceOrientationPortrait;
				IPHONEOS_DEPLOYMENT_TARGET = 15.0;
				LD_RUNPATH_SEARCH_PATHS = (
					"$(inherited)",
					"@executable_path/Frameworks",
				);
				MARKETING_VERSION = 1.0;
				PRODUCT_BUNDLE_IDENTIFIER = me.ifarshad.MovieDemoApp;
				PRODUCT_NAME = "$(TARGET_NAME)";
				SUPPORTED_PLATFORMS = "iphoneos iphonesimulator";
				SUPPORTS_MACCATALYST = NO;
				SUPPORTS_MAC_DESIGNED_FOR_IPHONE_IPAD = NO;
				SUPPORTS_XR_DESIGNED_FOR_IPHONE_IPAD = NO;
				SWIFT_EMIT_LOC_STRINGS = YES;
				SWIFT_VERSION = 5.0;
				TARGETED_DEVICE_FAMILY = "1,2";
			};
			name = Debug;
		};
		F8226C262CCE8CFB00645255 /* Release */ = {
			isa = XCBuildConfiguration;
			baseConfigurationReference = 09FF7C45976F8E5D02502B91 /* Pods-MovieDemoApp.release.xcconfig */;
			buildSettings = {
				ASSETCATALOG_COMPILER_APPICON_NAME = AppIcon;
				ASSETCATALOG_COMPILER_GLOBAL_ACCENT_COLOR_NAME = AccentColor;
				CODE_SIGN_STYLE = Automatic;
				CURRENT_PROJECT_VERSION = 1;
				GENERATE_INFOPLIST_FILE = YES;
				INFOPLIST_FILE = MovieDemoApp/Info.plist;
				INFOPLIST_KEY_UIApplicationSupportsIndirectInputEvents = YES;
				INFOPLIST_KEY_UILaunchStoryboardName = LaunchScreen;
				INFOPLIST_KEY_UIMainStoryboardFile = Main;
				INFOPLIST_KEY_UISupportedInterfaceOrientations = UIInterfaceOrientationPortrait;
				IPHONEOS_DEPLOYMENT_TARGET = 15.0;
				LD_RUNPATH_SEARCH_PATHS = (
					"$(inherited)",
					"@executable_path/Frameworks",
				);
				MARKETING_VERSION = 1.0;
				PRODUCT_BUNDLE_IDENTIFIER = me.ifarshad.MovieDemoApp;
				PRODUCT_NAME = "$(TARGET_NAME)";
				SUPPORTED_PLATFORMS = "iphoneos iphonesimulator";
				SUPPORTS_MACCATALYST = NO;
				SUPPORTS_MAC_DESIGNED_FOR_IPHONE_IPAD = NO;
				SUPPORTS_XR_DESIGNED_FOR_IPHONE_IPAD = NO;
				SWIFT_EMIT_LOC_STRINGS = YES;
				SWIFT_VERSION = 5.0;
				TARGETED_DEVICE_FAMILY = "1,2";
			};
			name = Release;
		};
		F8226C282CCE8CFB00645255 /* Debug */ = {
			isa = XCBuildConfiguration;
			baseConfigurationReference = 9FB90DA93848D5B7146081F8 /* Pods-MovieDemoAppTests.debug.xcconfig */;
			buildSettings = {
				ALWAYS_EMBED_SWIFT_STANDARD_LIBRARIES = YES;
				BUNDLE_LOADER = "$(TEST_HOST)";
				CODE_SIGN_STYLE = Automatic;
				CURRENT_PROJECT_VERSION = 1;
				GENERATE_INFOPLIST_FILE = YES;
				IPHONEOS_DEPLOYMENT_TARGET = 17.5;
				MARKETING_VERSION = 1.0;
				PRODUCT_BUNDLE_IDENTIFIER = me.ifarshad.MovieDemoAppTests;
				PRODUCT_NAME = "$(TARGET_NAME)";
				SWIFT_EMIT_LOC_STRINGS = NO;
				SWIFT_VERSION = 5.0;
				TARGETED_DEVICE_FAMILY = "1,2";
				TEST_HOST = "$(BUILT_PRODUCTS_DIR)/MovieDemoApp.app/$(BUNDLE_EXECUTABLE_FOLDER_PATH)/MovieDemoApp";
			};
			name = Debug;
		};
		F8226C292CCE8CFB00645255 /* Release */ = {
			isa = XCBuildConfiguration;
			baseConfigurationReference = 014B3F54F1FED3DE639F4A2E /* Pods-MovieDemoAppTests.release.xcconfig */;
			buildSettings = {
				ALWAYS_EMBED_SWIFT_STANDARD_LIBRARIES = YES;
				BUNDLE_LOADER = "$(TEST_HOST)";
				CODE_SIGN_STYLE = Automatic;
				CURRENT_PROJECT_VERSION = 1;
				GENERATE_INFOPLIST_FILE = YES;
				IPHONEOS_DEPLOYMENT_TARGET = 17.5;
				MARKETING_VERSION = 1.0;
				PRODUCT_BUNDLE_IDENTIFIER = me.ifarshad.MovieDemoAppTests;
				PRODUCT_NAME = "$(TARGET_NAME)";
				SWIFT_EMIT_LOC_STRINGS = NO;
				SWIFT_VERSION = 5.0;
				TARGETED_DEVICE_FAMILY = "1,2";
				TEST_HOST = "$(BUILT_PRODUCTS_DIR)/MovieDemoApp.app/$(BUNDLE_EXECUTABLE_FOLDER_PATH)/MovieDemoApp";
			};
			name = Release;
		};
		F8226C2B2CCE8CFB00645255 /* Debug */ = {
			isa = XCBuildConfiguration;
			baseConfigurationReference = 0884AEAE07200297B0718240 /* Pods-MovieDemoApp-MovieDemoAppUITests.debug.xcconfig */;
			buildSettings = {
				ALWAYS_EMBED_SWIFT_STANDARD_LIBRARIES = YES;
				CODE_SIGN_STYLE = Automatic;
				CURRENT_PROJECT_VERSION = 1;
				GENERATE_INFOPLIST_FILE = YES;
				MARKETING_VERSION = 1.0;
				PRODUCT_BUNDLE_IDENTIFIER = me.ifarshad.MovieDemoAppUITests;
				PRODUCT_NAME = "$(TARGET_NAME)";
				SWIFT_EMIT_LOC_STRINGS = NO;
				SWIFT_VERSION = 5.0;
				TARGETED_DEVICE_FAMILY = "1,2";
				TEST_TARGET_NAME = MovieDemoApp;
			};
			name = Debug;
		};
		F8226C2C2CCE8CFB00645255 /* Release */ = {
			isa = XCBuildConfiguration;
			baseConfigurationReference = 94D3D8AE4A4E35B8C5973346 /* Pods-MovieDemoApp-MovieDemoAppUITests.release.xcconfig */;
			buildSettings = {
				ALWAYS_EMBED_SWIFT_STANDARD_LIBRARIES = YES;
				CODE_SIGN_STYLE = Automatic;
				CURRENT_PROJECT_VERSION = 1;
				GENERATE_INFOPLIST_FILE = YES;
				MARKETING_VERSION = 1.0;
				PRODUCT_BUNDLE_IDENTIFIER = me.ifarshad.MovieDemoAppUITests;
				PRODUCT_NAME = "$(TARGET_NAME)";
				SWIFT_EMIT_LOC_STRINGS = NO;
				SWIFT_VERSION = 5.0;
				TARGETED_DEVICE_FAMILY = "1,2";
				TEST_TARGET_NAME = MovieDemoApp;
			};
			name = Release;
		};
/* End XCBuildConfiguration section */

/* Begin XCConfigurationList section */
		F8226BF52CCE8CF900645255 /* Build configuration list for PBXProject "MovieDemoApp" */ = {
			isa = XCConfigurationList;
			buildConfigurations = (
				F8226C222CCE8CFB00645255 /* Debug */,
				F8226C232CCE8CFB00645255 /* Release */,
			);
			defaultConfigurationIsVisible = 0;
			defaultConfigurationName = Release;
		};
		F8226C242CCE8CFB00645255 /* Build configuration list for PBXNativeTarget "MovieDemoApp" */ = {
			isa = XCConfigurationList;
			buildConfigurations = (
				F8226C252CCE8CFB00645255 /* Debug */,
				F8226C262CCE8CFB00645255 /* Release */,
			);
			defaultConfigurationIsVisible = 0;
			defaultConfigurationName = Release;
		};
		F8226C272CCE8CFB00645255 /* Build configuration list for PBXNativeTarget "MovieDemoAppTests" */ = {
			isa = XCConfigurationList;
			buildConfigurations = (
				F8226C282CCE8CFB00645255 /* Debug */,
				F8226C292CCE8CFB00645255 /* Release */,
			);
			defaultConfigurationIsVisible = 0;
			defaultConfigurationName = Release;
		};
		F8226C2A2CCE8CFB00645255 /* Build configuration list for PBXNativeTarget "MovieDemoAppUITests" */ = {
			isa = XCConfigurationList;
			buildConfigurations = (
				F8226C2B2CCE8CFB00645255 /* Debug */,
				F8226C2C2CCE8CFB00645255 /* Release */,
			);
			defaultConfigurationIsVisible = 0;
			defaultConfigurationName = Release;
		};
/* End XCConfigurationList section */
	};
	rootObject = F8226BF22CCE8CF900645255 /* Project object */;
}
